// !$*UTF8*$!
{
	archiveVersion = 1;
	classes = {
	};
	objectVersion = 50;
	objects = {

/* Begin PBXBuildFile section */
		11123CD8210FCB4D00330CF0 /* OpenLocate.framework in Frameworks */ = {isa = PBXBuildFile; fileRef = 11123CD5210FCB4300330CF0 /* OpenLocate.framework */; };
		11123CD9210FCB4D00330CF0 /* OpenLocate.framework in Embed Frameworks */ = {isa = PBXBuildFile; fileRef = 11123CD5210FCB4300330CF0 /* OpenLocate.framework */; settings = {ATTRIBUTES = (CodeSignOnCopy, RemoveHeadersOnCopy, ); }; };
		116155B9210BE682004A38FF /* ViewController.m in Sources */ = {isa = PBXBuildFile; fileRef = 116155B5210BE682004A38FF /* ViewController.m */; };
		116155BA210BE682004A38FF /* main.m in Sources */ = {isa = PBXBuildFile; fileRef = 116155B6210BE682004A38FF /* main.m */; };
		116155BB210BE682004A38FF /* AppDelegate.m in Sources */ = {isa = PBXBuildFile; fileRef = 116155B7210BE682004A38FF /* AppDelegate.m */; };
		116155C3210BE68B004A38FF /* Assets.xcassets in Resources */ = {isa = PBXBuildFile; fileRef = 116155BD210BE68B004A38FF /* Assets.xcassets */; };
		116155C4210BE68B004A38FF /* LaunchScreen.storyboard in Resources */ = {isa = PBXBuildFile; fileRef = 116155BE210BE68B004A38FF /* LaunchScreen.storyboard */; };
		116155C5210BE68B004A38FF /* Main.storyboard in Resources */ = {isa = PBXBuildFile; fileRef = 116155C0210BE68B004A38FF /* Main.storyboard */; };
		23E22A4FA2AF0FBBE68D754A /* Pods_iOS_Example_Obj_C.framework in Frameworks */ = {isa = PBXBuildFile; fileRef = 33B617F55873D9045853BF83 /* Pods_iOS_Example_Obj_C.framework */; };
/* End PBXBuildFile section */

/* Begin PBXContainerItemProxy section */
		11123CD4210FCB4300330CF0 /* PBXContainerItemProxy */ = {
			isa = PBXContainerItemProxy;
			containerPortal = 11123CCF210FCB4300330CF0 /* OpenLocate.xcodeproj */;
			proxyType = 2;
			remoteGlobalIDString = 489701171F04F6AE00D8C27C;
			remoteInfo = OpenLocate;
		};
		11123CD6210FCB4300330CF0 /* PBXContainerItemProxy */ = {
			isa = PBXContainerItemProxy;
			containerPortal = 11123CCF210FCB4300330CF0 /* OpenLocate.xcodeproj */;
			proxyType = 2;
			remoteGlobalIDString = 48E45DDF1F052344006EAF6F;
			remoteInfo = "OpenLocate Tests";
		};
		11123CDA210FCB4D00330CF0 /* PBXContainerItemProxy */ = {
			isa = PBXContainerItemProxy;
			containerPortal = 11123CCF210FCB4300330CF0 /* OpenLocate.xcodeproj */;
			proxyType = 1;
			remoteGlobalIDString = 489700B61F04D80A00D8C27C;
			remoteInfo = OpenLocate;
		};
/* End PBXContainerItemProxy section */

/* Begin PBXCopyFilesBuildPhase section */
		11123CDC210FCB4D00330CF0 /* Embed Frameworks */ = {
			isa = PBXCopyFilesBuildPhase;
			buildActionMask = 2147483647;
			dstPath = "";
			dstSubfolderSpec = 10;
			files = (
				11123CD9210FCB4D00330CF0 /* OpenLocate.framework in Embed Frameworks */,
			);
			name = "Embed Frameworks";
			runOnlyForDeploymentPostprocessing = 0;
		};
/* End PBXCopyFilesBuildPhase section */

/* Begin PBXFileReference section */
		11123CCF210FCB4300330CF0 /* OpenLocate.xcodeproj */ = {isa = PBXFileReference; lastKnownFileType = "wrapper.pb-project"; name = OpenLocate.xcodeproj; path = ../OpenLocate.xcodeproj; sourceTree = "<group>"; };
		1161559A210BE499004A38FF /* iOS Example Obj-C.app */ = {isa = PBXFileReference; explicitFileType = wrapper.application; includeInIndex = 0; path = "iOS Example Obj-C.app"; sourceTree = BUILT_PRODUCTS_DIR; };
		116155B4210BE682004A38FF /* AppDelegate.h */ = {isa = PBXFileReference; fileEncoding = 4; lastKnownFileType = sourcecode.c.h; path = AppDelegate.h; sourceTree = "<group>"; };
		116155B5210BE682004A38FF /* ViewController.m */ = {isa = PBXFileReference; fileEncoding = 4; lastKnownFileType = sourcecode.c.objc; path = ViewController.m; sourceTree = "<group>"; };
		116155B6210BE682004A38FF /* main.m */ = {isa = PBXFileReference; fileEncoding = 4; lastKnownFileType = sourcecode.c.objc; path = main.m; sourceTree = "<group>"; };
		116155B7210BE682004A38FF /* AppDelegate.m */ = {isa = PBXFileReference; fileEncoding = 4; lastKnownFileType = sourcecode.c.objc; path = AppDelegate.m; sourceTree = "<group>"; };
		116155B8210BE682004A38FF /* ViewController.h */ = {isa = PBXFileReference; fileEncoding = 4; lastKnownFileType = sourcecode.c.h; path = ViewController.h; sourceTree = "<group>"; };
		116155BD210BE68B004A38FF /* Assets.xcassets */ = {isa = PBXFileReference; lastKnownFileType = folder.assetcatalog; path = Assets.xcassets; sourceTree = "<group>"; };
		116155BF210BE68B004A38FF /* Base */ = {isa = PBXFileReference; lastKnownFileType = file.storyboard; name = Base; path = Base.lproj/LaunchScreen.storyboard; sourceTree = "<group>"; };
		116155C1210BE68B004A38FF /* Base */ = {isa = PBXFileReference; lastKnownFileType = file.storyboard; name = Base; path = Base.lproj/Main.storyboard; sourceTree = "<group>"; };
		116155C2210BE68B004A38FF /* Info.plist */ = {isa = PBXFileReference; fileEncoding = 4; lastKnownFileType = text.plist.xml; path = Info.plist; sourceTree = "<group>"; };
		11CF5BEF210BEB97007FE73E /* OpenLocate.framework */ = {isa = PBXFileReference; lastKnownFileType = wrapper.framework; name = OpenLocate.framework; path = "../../../../Library/Developer/Xcode/DerivedData/OpenLocate-gatovffztdkrsaekikkvrgejpcrk/Build/Products/Debug-iphoneos/OpenLocate.framework"; sourceTree = "<group>"; };
		32889A3A4A5632D4D3BD6AC5 /* Pods-iOS Example Obj-C.release.xcconfig */ = {isa = PBXFileReference; includeInIndex = 1; lastKnownFileType = text.xcconfig; name = "Pods-iOS Example Obj-C.release.xcconfig"; path = "../Pods/Target Support Files/Pods-iOS Example Obj-C/Pods-iOS Example Obj-C.release.xcconfig"; sourceTree = "<group>"; };
		33B617F55873D9045853BF83 /* Pods_iOS_Example_Obj_C.framework */ = {isa = PBXFileReference; explicitFileType = wrapper.framework; includeInIndex = 0; path = Pods_iOS_Example_Obj_C.framework; sourceTree = BUILT_PRODUCTS_DIR; };
		F3F418033C0BD7D19CC91D9F /* Pods-iOS Example Obj-C.debug.xcconfig */ = {isa = PBXFileReference; includeInIndex = 1; lastKnownFileType = text.xcconfig; name = "Pods-iOS Example Obj-C.debug.xcconfig"; path = "../Pods/Target Support Files/Pods-iOS Example Obj-C/Pods-iOS Example Obj-C.debug.xcconfig"; sourceTree = "<group>"; };
/* End PBXFileReference section */

/* Begin PBXFrameworksBuildPhase section */
		11615597210BE499004A38FF /* Frameworks */ = {
			isa = PBXFrameworksBuildPhase;
			buildActionMask = 2147483647;
			files = (
				11123CD8210FCB4D00330CF0 /* OpenLocate.framework in Frameworks */,
				23E22A4FA2AF0FBBE68D754A /* Pods_iOS_Example_Obj_C.framework in Frameworks */,
			);
			runOnlyForDeploymentPostprocessing = 0;
		};
/* End PBXFrameworksBuildPhase section */

/* Begin PBXGroup section */
		11123CD0210FCB4300330CF0 /* Products */ = {
			isa = PBXGroup;
			children = (
				11123CD5210FCB4300330CF0 /* OpenLocate.framework */,
				11123CD7210FCB4300330CF0 /* OpenLocate Tests.xctest */,
			);
			name = Products;
			sourceTree = "<group>";
		};
		11615591210BE498004A38FF = {
			isa = PBXGroup;
			children = (
				11123CCF210FCB4300330CF0 /* OpenLocate.xcodeproj */,
				116155B3210BE682004A38FF /* Source */,
				116155BC210BE68B004A38FF /* Resources */,
				1161559B210BE499004A38FF /* Products */,
				5685C4E1C3607E07CD0CC630 /* Pods */,
				3517D2ED59584603F298296A /* Frameworks */,
			);
			sourceTree = "<group>";
		};
		1161559B210BE499004A38FF /* Products */ = {
			isa = PBXGroup;
			children = (
				1161559A210BE499004A38FF /* iOS Example Obj-C.app */,
			);
			name = Products;
			sourceTree = "<group>";
		};
		116155B3210BE682004A38FF /* Source */ = {
			isa = PBXGroup;
			children = (
				116155B6210BE682004A38FF /* main.m */,
				116155B4210BE682004A38FF /* AppDelegate.h */,
				116155B7210BE682004A38FF /* AppDelegate.m */,
				116155B5210BE682004A38FF /* ViewController.m */,
				116155B8210BE682004A38FF /* ViewController.h */,
			);
			path = Source;
			sourceTree = "<group>";
		};
		116155BC210BE68B004A38FF /* Resources */ = {
			isa = PBXGroup;
			children = (
				116155BD210BE68B004A38FF /* Assets.xcassets */,
				116155BE210BE68B004A38FF /* LaunchScreen.storyboard */,
				116155C0210BE68B004A38FF /* Main.storyboard */,
				116155C2210BE68B004A38FF /* Info.plist */,
			);
			path = Resources;
			sourceTree = "<group>";
		};
		3517D2ED59584603F298296A /* Frameworks */ = {
			isa = PBXGroup;
			children = (
				11CF5BEF210BEB97007FE73E /* OpenLocate.framework */,
				33B617F55873D9045853BF83 /* Pods_iOS_Example_Obj_C.framework */,
			);
			name = Frameworks;
			sourceTree = "<group>";
		};
		5685C4E1C3607E07CD0CC630 /* Pods */ = {
			isa = PBXGroup;
			children = (
				F3F418033C0BD7D19CC91D9F /* Pods-iOS Example Obj-C.debug.xcconfig */,
				32889A3A4A5632D4D3BD6AC5 /* Pods-iOS Example Obj-C.release.xcconfig */,
			);
			name = Pods;
			sourceTree = "<group>";
		};
/* End PBXGroup section */

/* Begin PBXNativeTarget section */
		11615599210BE499004A38FF /* iOS Example Obj-C */ = {
			isa = PBXNativeTarget;
			buildConfigurationList = 116155B0210BE49B004A38FF /* Build configuration list for PBXNativeTarget "iOS Example Obj-C" */;
			buildPhases = (
				635C7E84B4DDFA921B2B25F9 /* [CP] Check Pods Manifest.lock */,
				11615596210BE499004A38FF /* Sources */,
				11615597210BE499004A38FF /* Frameworks */,
				11615598210BE499004A38FF /* Resources */,
				07418A656E49A77B9BAF091B /* [CP] Embed Pods Frameworks */,
				5A17B4A8DEA2D7AC81AD4A91 /* [CP] Copy Pods Resources */,
				11123CDC210FCB4D00330CF0 /* Embed Frameworks */,
			);
			buildRules = (
			);
			dependencies = (
				11123CDB210FCB4D00330CF0 /* PBXTargetDependency */,
			);
			name = "iOS Example Obj-C";
			productName = "iOS Example Obj-C";
			productReference = 1161559A210BE499004A38FF /* iOS Example Obj-C.app */;
			productType = "com.apple.product-type.application";
		};
/* End PBXNativeTarget section */

/* Begin PBXProject section */
		11615592210BE498004A38FF /* Project object */ = {
			isa = PBXProject;
			attributes = {
				LastUpgradeCheck = 0940;
				ORGANIZATIONNAME = OpenLocate;
				TargetAttributes = {
					11615599210BE499004A38FF = {
						CreatedOnToolsVersion = 9.4;
					};
				};
			};
			buildConfigurationList = 11615595210BE498004A38FF /* Build configuration list for PBXProject "iOS Example Obj-C" */;
			compatibilityVersion = "Xcode 9.3";
			developmentRegion = en;
			hasScannedForEncodings = 0;
			knownRegions = (
				en,
				Base,
			);
			mainGroup = 11615591210BE498004A38FF;
			productRefGroup = 1161559B210BE499004A38FF /* Products */;
			projectDirPath = "";
			projectReferences = (
				{
					ProductGroup = 11123CD0210FCB4300330CF0 /* Products */;
					ProjectRef = 11123CCF210FCB4300330CF0 /* OpenLocate.xcodeproj */;
				},
			);
			projectRoot = "";
			targets = (
				11615599210BE499004A38FF /* iOS Example Obj-C */,
			);
		};
/* End PBXProject section */

/* Begin PBXReferenceProxy section */
		11123CD5210FCB4300330CF0 /* OpenLocate.framework */ = {
			isa = PBXReferenceProxy;
			fileType = wrapper.framework;
			path = OpenLocate.framework;
			remoteRef = 11123CD4210FCB4300330CF0 /* PBXContainerItemProxy */;
			sourceTree = BUILT_PRODUCTS_DIR;
		};
		11123CD7210FCB4300330CF0 /* OpenLocate Tests.xctest */ = {
			isa = PBXReferenceProxy;
			fileType = wrapper.cfbundle;
			path = "OpenLocate Tests.xctest";
			remoteRef = 11123CD6210FCB4300330CF0 /* PBXContainerItemProxy */;
			sourceTree = BUILT_PRODUCTS_DIR;
		};
/* End PBXReferenceProxy section */

/* Begin PBXResourcesBuildPhase section */
		11615598210BE499004A38FF /* Resources */ = {
			isa = PBXResourcesBuildPhase;
			buildActionMask = 2147483647;
			files = (
				116155C5210BE68B004A38FF /* Main.storyboard in Resources */,
				116155C3210BE68B004A38FF /* Assets.xcassets in Resources */,
				116155C4210BE68B004A38FF /* LaunchScreen.storyboard in Resources */,
			);
			runOnlyForDeploymentPostprocessing = 0;
		};
/* End PBXResourcesBuildPhase section */

/* Begin PBXShellScriptBuildPhase section */
		07418A656E49A77B9BAF091B /* [CP] Embed Pods Frameworks */ = {
			isa = PBXShellScriptBuildPhase;
			buildActionMask = 2147483647;
			files = (
			);
			inputPaths = (
			);
			name = "[CP] Embed Pods Frameworks";
			outputPaths = (
			);
			runOnlyForDeploymentPostprocessing = 0;
			shellPath = /bin/sh;
			shellScript = "\"${SRCROOT}/../Pods/Target Support Files/Pods-iOS Example Obj-C/Pods-iOS Example Obj-C-frameworks.sh\"\n";
			showEnvVarsInLog = 0;
		};
		5A17B4A8DEA2D7AC81AD4A91 /* [CP] Copy Pods Resources */ = {
			isa = PBXShellScriptBuildPhase;
			buildActionMask = 2147483647;
			files = (
			);
			inputPaths = (
			);
			name = "[CP] Copy Pods Resources";
			outputPaths = (
			);
			runOnlyForDeploymentPostprocessing = 0;
			shellPath = /bin/sh;
			shellScript = "\"${SRCROOT}/../Pods/Target Support Files/Pods-iOS Example Obj-C/Pods-iOS Example Obj-C-resources.sh\"\n";
			showEnvVarsInLog = 0;
		};
		635C7E84B4DDFA921B2B25F9 /* [CP] Check Pods Manifest.lock */ = {
			isa = PBXShellScriptBuildPhase;
			buildActionMask = 2147483647;
			files = (
			);
			inputPaths = (
				"${PODS_PODFILE_DIR_PATH}/Podfile.lock",
				"${PODS_ROOT}/Manifest.lock",
			);
			name = "[CP] Check Pods Manifest.lock";
			outputPaths = (
				"$(DERIVED_FILE_DIR)/Pods-iOS Example Obj-C-checkManifestLockResult.txt",
			);
			runOnlyForDeploymentPostprocessing = 0;
			shellPath = /bin/sh;
			shellScript = "diff \"${PODS_PODFILE_DIR_PATH}/Podfile.lock\" \"${PODS_ROOT}/Manifest.lock\" > /dev/null\nif [ $? != 0 ] ; then\n    # print error to STDERR\n    echo \"error: The sandbox is not in sync with the Podfile.lock. Run 'pod install' or update your CocoaPods installation.\" >&2\n    exit 1\nfi\n# This output is used by Xcode 'outputs' to avoid re-running this script phase.\necho \"SUCCESS\" > \"${SCRIPT_OUTPUT_FILE_0}\"\n";
			showEnvVarsInLog = 0;
		};
/* End PBXShellScriptBuildPhase section */

/* Begin PBXSourcesBuildPhase section */
		11615596210BE499004A38FF /* Sources */ = {
			isa = PBXSourcesBuildPhase;
			buildActionMask = 2147483647;
			files = (
				116155BA210BE682004A38FF /* main.m in Sources */,
				116155B9210BE682004A38FF /* ViewController.m in Sources */,
				116155BB210BE682004A38FF /* AppDelegate.m in Sources */,
			);
			runOnlyForDeploymentPostprocessing = 0;
		};
/* End PBXSourcesBuildPhase section */

/* Begin PBXTargetDependency section */
		11123CDB210FCB4D00330CF0 /* PBXTargetDependency */ = {
			isa = PBXTargetDependency;
			name = OpenLocate;
			targetProxy = 11123CDA210FCB4D00330CF0 /* PBXContainerItemProxy */;
		};
/* End PBXTargetDependency section */

/* Begin PBXVariantGroup section */
		116155BE210BE68B004A38FF /* LaunchScreen.storyboard */ = {
			isa = PBXVariantGroup;
			children = (
				116155BF210BE68B004A38FF /* Base */,
			);
			name = LaunchScreen.storyboard;
			sourceTree = "<group>";
		};
		116155C0210BE68B004A38FF /* Main.storyboard */ = {
			isa = PBXVariantGroup;
			children = (
				116155C1210BE68B004A38FF /* Base */,
			);
			name = Main.storyboard;
			sourceTree = "<group>";
		};
/* End PBXVariantGroup section */

/* Begin XCBuildConfiguration section */
		116155AE210BE49B004A38FF /* Debug */ = {
			isa = XCBuildConfiguration;
			buildSettings = {
				ALWAYS_SEARCH_USER_PATHS = NO;
				CLANG_ANALYZER_NONNULL = YES;
				CLANG_ANALYZER_NUMBER_OBJECT_CONVERSION = YES_AGGRESSIVE;
				CLANG_CXX_LANGUAGE_STANDARD = "gnu++14";
				CLANG_CXX_LIBRARY = "libc++";
				CLANG_ENABLE_MODULES = YES;
				CLANG_ENABLE_OBJC_ARC = YES;
				CLANG_ENABLE_OBJC_WEAK = YES;
				CLANG_WARN_BLOCK_CAPTURE_AUTORELEASING = YES;
				CLANG_WARN_BOOL_CONVERSION = YES;
				CLANG_WARN_COMMA = YES;
				CLANG_WARN_CONSTANT_CONVERSION = YES;
				CLANG_WARN_DEPRECATED_OBJC_IMPLEMENTATIONS = YES;
				CLANG_WARN_DIRECT_OBJC_ISA_USAGE = YES_ERROR;
				CLANG_WARN_DOCUMENTATION_COMMENTS = YES;
				CLANG_WARN_EMPTY_BODY = YES;
				CLANG_WARN_ENUM_CONVERSION = YES;
				CLANG_WARN_INFINITE_RECURSION = YES;
				CLANG_WARN_INT_CONVERSION = YES;
				CLANG_WARN_NON_LITERAL_NULL_CONVERSION = YES;
				CLANG_WARN_OBJC_IMPLICIT_RETAIN_SELF = YES;
				CLANG_WARN_OBJC_LITERAL_CONVERSION = YES;
				CLANG_WARN_OBJC_ROOT_CLASS = YES_ERROR;
				CLANG_WARN_RANGE_LOOP_ANALYSIS = YES;
				CLANG_WARN_STRICT_PROTOTYPES = YES;
				CLANG_WARN_SUSPICIOUS_MOVE = YES;
				CLANG_WARN_UNGUARDED_AVAILABILITY = YES_AGGRESSIVE;
				CLANG_WARN_UNREACHABLE_CODE = YES;
				CLANG_WARN__DUPLICATE_METHOD_MATCH = YES;
				CODE_SIGN_IDENTITY = "iPhone Developer";
				COPY_PHASE_STRIP = NO;
				DEBUG_INFORMATION_FORMAT = dwarf;
				ENABLE_STRICT_OBJC_MSGSEND = YES;
				ENABLE_TESTABILITY = YES;
				GCC_C_LANGUAGE_STANDARD = gnu11;
				GCC_DYNAMIC_NO_PIC = NO;
				GCC_NO_COMMON_BLOCKS = YES;
				GCC_OPTIMIZATION_LEVEL = 0;
				GCC_PREPROCESSOR_DEFINITIONS = (
					"DEBUG=1",
					"$(inherited)",
				);
				GCC_WARN_64_TO_32_BIT_CONVERSION = YES;
				GCC_WARN_ABOUT_RETURN_TYPE = YES_ERROR;
				GCC_WARN_UNDECLARED_SELECTOR = YES;
				GCC_WARN_UNINITIALIZED_AUTOS = YES_AGGRESSIVE;
				GCC_WARN_UNUSED_FUNCTION = YES;
				GCC_WARN_UNUSED_VARIABLE = YES;
				IPHONEOS_DEPLOYMENT_TARGET = 11.4;
				MTL_ENABLE_DEBUG_INFO = YES;
				ONLY_ACTIVE_ARCH = YES;
				SDKROOT = iphoneos;
			};
			name = Debug;
		};
		116155AF210BE49B004A38FF /* Release */ = {
			isa = XCBuildConfiguration;
			buildSettings = {
				ALWAYS_SEARCH_USER_PATHS = NO;
				CLANG_ANALYZER_NONNULL = YES;
				CLANG_ANALYZER_NUMBER_OBJECT_CONVERSION = YES_AGGRESSIVE;
				CLANG_CXX_LANGUAGE_STANDARD = "gnu++14";
				CLANG_CXX_LIBRARY = "libc++";
				CLANG_ENABLE_MODULES = YES;
				CLANG_ENABLE_OBJC_ARC = YES;
				CLANG_ENABLE_OBJC_WEAK = YES;
				CLANG_WARN_BLOCK_CAPTURE_AUTORELEASING = YES;
				CLANG_WARN_BOOL_CONVERSION = YES;
				CLANG_WARN_COMMA = YES;
				CLANG_WARN_CONSTANT_CONVERSION = YES;
				CLANG_WARN_DEPRECATED_OBJC_IMPLEMENTATIONS = YES;
				CLANG_WARN_DIRECT_OBJC_ISA_USAGE = YES_ERROR;
				CLANG_WARN_DOCUMENTATION_COMMENTS = YES;
				CLANG_WARN_EMPTY_BODY = YES;
				CLANG_WARN_ENUM_CONVERSION = YES;
				CLANG_WARN_INFINITE_RECURSION = YES;
				CLANG_WARN_INT_CONVERSION = YES;
				CLANG_WARN_NON_LITERAL_NULL_CONVERSION = YES;
				CLANG_WARN_OBJC_IMPLICIT_RETAIN_SELF = YES;
				CLANG_WARN_OBJC_LITERAL_CONVERSION = YES;
				CLANG_WARN_OBJC_ROOT_CLASS = YES_ERROR;
				CLANG_WARN_RANGE_LOOP_ANALYSIS = YES;
				CLANG_WARN_STRICT_PROTOTYPES = YES;
				CLANG_WARN_SUSPICIOUS_MOVE = YES;
				CLANG_WARN_UNGUARDED_AVAILABILITY = YES_AGGRESSIVE;
				CLANG_WARN_UNREACHABLE_CODE = YES;
				CLANG_WARN__DUPLICATE_METHOD_MATCH = YES;
				CODE_SIGN_IDENTITY = "iPhone Developer";
				COPY_PHASE_STRIP = NO;
				DEBUG_INFORMATION_FORMAT = "dwarf-with-dsym";
				ENABLE_NS_ASSERTIONS = NO;
				ENABLE_STRICT_OBJC_MSGSEND = YES;
				GCC_C_LANGUAGE_STANDARD = gnu11;
				GCC_NO_COMMON_BLOCKS = YES;
				GCC_WARN_64_TO_32_BIT_CONVERSION = YES;
				GCC_WARN_ABOUT_RETURN_TYPE = YES_ERROR;
				GCC_WARN_UNDECLARED_SELECTOR = YES;
				GCC_WARN_UNINITIALIZED_AUTOS = YES_AGGRESSIVE;
				GCC_WARN_UNUSED_FUNCTION = YES;
				GCC_WARN_UNUSED_VARIABLE = YES;
				IPHONEOS_DEPLOYMENT_TARGET = 11.4;
				MTL_ENABLE_DEBUG_INFO = NO;
				SDKROOT = iphoneos;
				VALIDATE_PRODUCT = YES;
			};
			name = Release;
		};
		116155B1210BE49B004A38FF /* Debug */ = {
			isa = XCBuildConfiguration;
			baseConfigurationReference = F3F418033C0BD7D19CC91D9F /* Pods-iOS Example Obj-C.debug.xcconfig */;
			buildSettings = {
				ALWAYS_EMBED_SWIFT_STANDARD_LIBRARIES = YES;
				ASSETCATALOG_COMPILER_APPICON_NAME = AppIcon;
				CODE_SIGN_STYLE = Automatic;
				DEVELOPMENT_TEAM = N7C984W2M5;
				INFOPLIST_FILE = "$(SRCROOT)/Resources/Info.plist";
				LD_RUNPATH_SEARCH_PATHS = (
					"$(inherited)",
					"@executable_path/Frameworks",
				);
				PRODUCT_BUNDLE_IDENTIFIER = "com.openlocate.ios-example-objc";
				PRODUCT_NAME = "$(TARGET_NAME)";
				TARGETED_DEVICE_FAMILY = "1,2";
			};
			name = Debug;
		};
		116155B2210BE49B004A38FF /* Release */ = {
			isa = XCBuildConfiguration;
			baseConfigurationReference = 32889A3A4A5632D4D3BD6AC5 /* Pods-iOS Example Obj-C.release.xcconfig */;
			buildSettings = {
				ALWAYS_EMBED_SWIFT_STANDARD_LIBRARIES = YES;
				ASSETCATALOG_COMPILER_APPICON_NAME = AppIcon;
				CODE_SIGN_STYLE = Automatic;
				DEVELOPMENT_TEAM = N7C984W2M5;
				INFOPLIST_FILE = "$(SRCROOT)/Resources/Info.plist";
				LD_RUNPATH_SEARCH_PATHS = (
					"$(inherited)",
					"@executable_path/Frameworks",
				);
				PRODUCT_BUNDLE_IDENTIFIER = "com.openlocate.ios-example-objc";
				PRODUCT_NAME = "$(TARGET_NAME)";
				TARGETED_DEVICE_FAMILY = "1,2";
			};
			name = Release;
		};
/* End XCBuildConfiguration section */

/* Begin XCConfigurationList section */
		11615595210BE498004A38FF /* Build configuration list for PBXProject "iOS Example Obj-C" */ = {
			isa = XCConfigurationList;
			buildConfigurations = (
				116155AE210BE49B004A38FF /* Debug */,
				116155AF210BE49B004A38FF /* Release */,
			);
			defaultConfigurationIsVisible = 0;
			defaultConfigurationName = Release;
		};
		116155B0210BE49B004A38FF /* Build configuration list for PBXNativeTarget "iOS Example Obj-C" */ = {
			isa = XCConfigurationList;
			buildConfigurations = (
				116155B1210BE49B004A38FF /* Debug */,
				116155B2210BE49B004A38FF /* Release */,
			);
			defaultConfigurationIsVisible = 0;
			defaultConfigurationName = Release;
		};
/* End XCConfigurationList section */
	};
	rootObject = 11615592210BE498004A38FF /* Project object */;
}
